
Microsoft Visual Studio Solution File, Format Version 12.00
# Visual Studio 2013
VisualStudioVersion = 12.0.21005.1
MinimumVisualStudioVersion = 10.0.40219.1
Project("{FAE04EC0-301F-11D3-BF4B-00C04F79EFBC}") = "ForCashier", "RestaurantOrderingSystem\ForCashier.csproj", "{A269E9E1-44D0-4103-9294-D6D49C13C700}"
EndProject
Project("{FAE04EC0-301F-11D3-BF4B-00C04F79EFBC}") = "ForKitchen", "Ordering System For Kitchen\ForKitchen.csproj", "{F3859D1B-CBFE-4C3A-AB66-0E3089E31714}"
EndProject
Project("{FAE04EC0-301F-11D3-BF4B-00C04F79EFBC}") = "ForOwner", "ForOwner\ForOwner.csproj", "{298FA21A-EFFF-4633-A980-A035B6A048DB}"
EndProject
Project("{6141683F-8A12-4E36-9623-2EB02B2C2303}") = "SetupOwner", "SetupOwner\SetupOwner.isproj", "{FDC54039-15B6-4FC8-B198-6A87999AB1C7}"
	ProjectSection(ProjectDependencies) = postProject
		{298FA21A-EFFF-4633-A980-A035B6A048DB} = {298FA21A-EFFF-4633-A980-A035B6A048DB}
	EndProjectSection
EndProject
Project("{6141683F-8A12-4E36-9623-2EB02B2C2303}") = "SetupCashier", "SetupCashier\SetupCashier.isproj", "{6C7E23EB-6F54-423D-B70E-3E8CA0900E0C}"
	ProjectSection(ProjectDependencies) = postProject
		{A269E9E1-44D0-4103-9294-D6D49C13C700} = {A269E9E1-44D0-4103-9294-D6D49C13C700}
	EndProjectSection
EndProject
Project("{6141683F-8A12-4E36-9623-2EB02B2C2303}") = "SetupKitchen", "SetupKitchen\SetupKitchen.isproj", "{4496F91F-5607-4B7E-BA24-BAB9C12B91E2}"
	ProjectSection(ProjectDependencies) = postProject
		{F3859D1B-CBFE-4C3A-AB66-0E3089E31714} = {F3859D1B-CBFE-4C3A-AB66-0E3089E31714}
	EndProjectSection
EndProject
Global
	GlobalSection(SolutionConfigurationPlatforms) = preSolution
		CD_ROM|Any CPU = CD_ROM|Any CPU
		Debug|Any CPU = Debug|Any CPU
		DVD-5|Any CPU = DVD-5|Any CPU
		Release|Any CPU = Release|Any CPU
		SingleImage|Any CPU = SingleImage|Any CPU
	EndGlobalSection
	GlobalSection(ProjectConfigurationPlatforms) = postSolution
		{A269E9E1-44D0-4103-9294-D6D49C13C700}.CD_ROM|Any CPU.ActiveCfg = Release|Any CPU
		{A269E9E1-44D0-4103-9294-D6D49C13C700}.CD_ROM|Any CPU.Build.0 = Release|Any CPU
		{A269E9E1-44D0-4103-9294-D6D49C13C700}.Debug|Any CPU.ActiveCfg = Debug|Any CPU
		{A269E9E1-44D0-4103-9294-D6D49C13C700}.Debug|Any CPU.Build.0 = Debug|Any CPU
		{A269E9E1-44D0-4103-9294-D6D49C13C700}.DVD-5|Any CPU.ActiveCfg = Debug|Any CPU
		{A269E9E1-44D0-4103-9294-D6D49C13C700}.DVD-5|Any CPU.Build.0 = Debug|Any CPU
		{A269E9E1-44D0-4103-9294-D6D49C13C700}.Release|Any CPU.ActiveCfg = Release|Any CPU
		{A269E9E1-44D0-4103-9294-D6D49C13C700}.Release|Any CPU.Build.0 = Release|Any CPU
		{A269E9E1-44D0-4103-9294-D6D49C13C700}.SingleImage|Any CPU.ActiveCfg = Release|Any CPU
		{A269E9E1-44D0-4103-9294-D6D49C13C700}.SingleImage|Any CPU.Build.0 = Release|Any CPU
		{F3859D1B-CBFE-4C3A-AB66-0E3089E31714}.CD_ROM|Any CPU.ActiveCfg = Release|Any CPU
		{F3859D1B-CBFE-4C3A-AB66-0E3089E31714}.CD_ROM|Any CPU.Build.0 = Release|Any CPU
		{F3859D1B-CBFE-4C3A-AB66-0E3089E31714}.Debug|Any CPU.ActiveCfg = Debug|Any CPU
		{F3859D1B-CBFE-4C3A-AB66-0E3089E31714}.Debug|Any CPU.Build.0 = Debug|Any CPU
		{F3859D1B-CBFE-4C3A-AB66-0E3089E31714}.DVD-5|Any CPU.ActiveCfg = Debug|Any CPU
		{F3859D1B-CBFE-4C3A-AB66-0E3089E31714}.DVD-5|Any CPU.Build.0 = Debug|Any CPU
		{F3859D1B-CBFE-4C3A-AB66-0E3089E31714}.Release|Any CPU.ActiveCfg = Release|Any CPU
		{F3859D1B-CBFE-4C3A-AB66-0E3089E31714}.Release|Any CPU.Build.0 = Release|Any CPU
		{F3859D1B-CBFE-4C3A-AB66-0E3089E31714}.SingleImage|Any CPU.ActiveCfg = Release|Any CPU
		{F3859D1B-CBFE-4C3A-AB66-0E3089E31714}.SingleImage|Any CPU.Build.0 = Release|Any CPU
		{298FA21A-EFFF-4633-A980-A035B6A048DB}.CD_ROM|Any CPU.ActiveCfg = Release|Any CPU
		{298FA21A-EFFF-4633-A980-A035B6A048DB}.CD_ROM|Any CPU.Build.0 = Release|Any CPU
		{298FA21A-EFFF-4633-A980-A035B6A048DB}.Debug|Any CPU.ActiveCfg = Debug|Any CPU
		{298FA21A-EFFF-4633-A980-A035B6A048DB}.Debug|Any CPU.Build.0 = Debug|Any CPU
		{298FA21A-EFFF-4633-A980-A035B6A048DB}.DVD-5|Any CPU.ActiveCfg = Debug|Any CPU
		{298FA21A-EFFF-4633-A980-A035B6A048DB}.DVD-5|Any CPU.Build.0 = Debug|Any CPU
		{298FA21A-EFFF-4633-A980-A035B6A048DB}.Release|Any CPU.ActiveCfg = Release|Any CPU
		{298FA21A-EFFF-4633-A980-A035B6A048DB}.Release|Any CPU.Build.0 = Release|Any CPU
		{298FA21A-EFFF-4633-A980-A035B6A048DB}.SingleImage|Any CPU.ActiveCfg = Release|Any CPU
		{298FA21A-EFFF-4633-A980-A035B6A048DB}.SingleImage|Any CPU.Build.0 = Release|Any CPU
		{FDC54039-15B6-4FC8-B198-6A87999AB1C7}.CD_ROM|Any CPU.ActiveCfg = CD_ROM
		{FDC54039-15B6-4FC8-B198-6A87999AB1C7}.CD_ROM|Any CPU.Build.0 = CD_ROM
		{FDC54039-15B6-4FC8-B198-6A87999AB1C7}.Debug|Any CPU.ActiveCfg = DVD-5
		{FDC54039-15B6-4FC8-B198-6A87999AB1C7}.Debug|Any CPU.Build.0 = DVD-5
		{FDC54039-15B6-4FC8-B198-6A87999AB1C7}.DVD-5|Any CPU.ActiveCfg = DVD-5
		{FDC54039-15B6-4FC8-B198-6A87999AB1C7}.DVD-5|Any CPU.Build.0 = DVD-5
		{FDC54039-15B6-4FC8-B198-6A87999AB1C7}.Release|Any CPU.ActiveCfg = SingleImage
		{FDC54039-15B6-4FC8-B198-6A87999AB1C7}.Release|Any CPU.Build.0 = SingleImage
		{FDC54039-15B6-4FC8-B198-6A87999AB1C7}.SingleImage|Any CPU.ActiveCfg = SingleImage
		{FDC54039-15B6-4FC8-B198-6A87999AB1C7}.SingleImage|Any CPU.Build.0 = SingleImage
		{6C7E23EB-6F54-423D-B70E-3E8CA0900E0C}.CD_ROM|Any CPU.ActiveCfg = CD_ROM
		{6C7E23EB-6F54-423D-B70E-3E8CA0900E0C}.CD_ROM|Any CPU.Build.0 = CD_ROM
		{6C7E23EB-6F54-423D-B70E-3E8CA0900E0C}.Debug|Any CPU.ActiveCfg = DVD-5
		{6C7E23EB-6F54-423D-B70E-3E8CA0900E0C}.Debug|Any CPU.Build.0 = DVD-5
		{6C7E23EB-6F54-423D-B70E-3E8CA0900E0C}.DVD-5|Any CPU.ActiveCfg = DVD-5
		{6C7E23EB-6F54-423D-B70E-3E8CA0900E0C}.DVD-5|Any CPU.Build.0 = DVD-5
		{6C7E23EB-6F54-423D-B70E-3E8CA0900E0C}.Release|Any CPU.ActiveCfg = SingleImage
		{6C7E23EB-6F54-423D-B70E-3E8CA0900E0C}.Release|Any CPU.Build.0 = SingleImage
		{6C7E23EB-6F54-423D-B70E-3E8CA0900E0C}.SingleImage|Any CPU.ActiveCfg = SingleImage
		{6C7E23EB-6F54-423D-B70E-3E8CA0900E0C}.SingleImage|Any CPU.Build.0 = SingleImage
		{4496F91F-5607-4B7E-BA24-BAB9C12B91E2}.CD_ROM|Any CPU.ActiveCfg = CD_ROM
		{4496F91F-5607-4B7E-BA24-BAB9C12B91E2}.CD_ROM|Any CPU.Build.0 = CD_ROM
		{4496F91F-5607-4B7E-BA24-BAB9C12B91E2}.Debug|Any CPU.ActiveCfg = DVD-5
		{4496F91F-5607-4B7E-BA24-BAB9C12B91E2}.Debug|Any CPU.Build.0 = DVD-5
		{4496F91F-5607-4B7E-BA24-BAB9C12B91E2}.DVD-5|Any CPU.ActiveCfg = DVD-5
		{4496F91F-5607-4B7E-BA24-BAB9C12B91E2}.DVD-5|Any CPU.Build.0 = DVD-5
		{4496F91F-5607-4B7E-BA24-BAB9C12B91E2}.Release|Any CPU.ActiveCfg = SingleImage
		{4496F91F-5607-4B7E-BA24-BAB9C12B91E2}.Release|Any CPU.Build.0 = SingleImage
		{4496F91F-5607-4B7E-BA24-BAB9C12B91E2}.SingleImage|Any CPU.ActiveCfg = SingleImage
		{4496F91F-5607-4B7E-BA24-BAB9C12B91E2}.SingleImage|Any CPU.Build.0 = SingleImage
	EndGlobalSection
	GlobalSection(SolutionProperties) = preSolution
		HideSolutionNode = FALSE
	EndGlobalSection
EndGlobal
